
Microsoft Visual Studio Solution File, Format Version 12.00
Project("{FAE04EC0-301F-11D3-BF4B-00C04F79EFBC}") = "Mtglo.Common.Identifiers", "Mtglo.Common.Identifiers\Mtglo.Common.Identifiers.csproj", "{B526BA84-3C00-413E-B852-A25BB4D16DD7}"
EndProject
Global
	GlobalSection(SolutionConfigurationPlatforms) = preSolution
		Debug|Any CPU = Debug|Any CPU
		Release|Any CPU = Release|Any CPU
	EndGlobalSection
	GlobalSection(ProjectConfigurationPlatforms) = postSolution
		{B526BA84-3C00-413E-B852-A25BB4D16DD7}.Debug|Any CPU.ActiveCfg = Debug|Any CPU
		{B526BA84-3C00-413E-B852-A25BB4D16DD7}.Debug|Any CPU.Build.0 = Debug|Any CPU
		{B526BA84-3C00-413E-B852-A25BB4D16DD7}.Release|Any CPU.ActiveCfg = Release|Any CPU
		{B526BA84-3C00-413E-B852-A25BB4D16DD7}.Release|Any CPU.Build.0 = Release|Any CPU
	EndGlobalSection
EndGlobal
